
Microsoft Visual Studio Solution File, Format Version 12.00
# Visual Studio Version 17
VisualStudioVersion = 17.4.33122.133
MinimumVisualStudioVersion = 10.0.40219.1
Project("{FAE04EC0-301F-11D3-BF4B-00C04F79EFBC}") = "InterviewDotNet", "InterviewDotNet.csproj", "{1A4C3656-E454-4AC1-A2AD-F47C9C6E18D4}"
EndProject
Global
	GlobalSection(SolutionConfigurationPlatforms) = preSolution
		Debug|Any CPU = Debug|Any CPU
		Release|Any CPU = Release|Any CPU
	EndGlobalSection
	GlobalSection(ProjectConfigurationPlatforms) = postSolution
		{1A4C3656-E454-4AC1-A2AD-F47C9C6E18D4}.Debug|Any CPU.ActiveCfg = Debug|Any CPU
		{1A4C3656-E454-4AC1-A2AD-F47C9C6E18D4}.Debug|Any CPU.Build.0 = Debug|Any CPU
		{1A4C3656-E454-4AC1-A2AD-F47C9C6E18D4}.Release|Any CPU.ActiveCfg = Release|Any CPU
		{1A4C3656-E454-4AC1-A2AD-F47C9C6E18D4}.Release|Any CPU.Build.0 = Release|Any CPU
	EndGlobalSection
	GlobalSection(SolutionProperties) = preSolution
		HideSolutionNode = FALSE
	EndGlobalSection
	GlobalSection(ExtensibilityGlobals) = postSolution
		SolutionGuid = {BCF0B901-B04C-4F96-9DBF-DB051158760C}
	EndGlobalSection
EndGlobal
